{
  "originHash" : "60ce720f81ad28c1d0e85d88d4cc6ff6391ca5b1da917e616618da8c6d6849df",
  "pins" : [
    {
      "identity" : "swift-argument-parser",
      "kind" : "remoteSourceControl",
      "location" : "https://github.com/apple/swift-argument-parser.git",
      "state" : {
        "revision" : "626b5b7b2f45e1b0b1c6f4a309296d1d21d7311b",
        "version" : "1.7.1"
      }
    },
    {
      "identity" : "swift-log",
      "kind" : "remoteSourceControl",
      "location" : "https://github.com/apple/swift-log.git",
      "state" : {
        "revision" : "8c0f217f01000dd30f60d6e536569ad4e74291f9",
        "version" : "1.11.0"
      }
    },
    {
      "identity" : "xcode-sim-automation",
      "kind" : "remoteSourceControl",
      "location" : "https://github.com/gestrich/xcode-sim-automation.git",
      "state" : {
        "branch" : "main",
        "revision" : "c313a99d7e71ea7f1151872c3479f1828fac3438"
      }
    }
  ],
  "version" : 3
}
