// !$*UTF8*$!
{
	archiveVersion = 1;
	classes = {
	};
	objectVersion = 77;
	objects = {

/* Begin PBXBuildFile section */
		46BDDB9C2F77D91E00335E29 /* XCUITestControl in Frameworks */ = {isa = PBXBuildFile; productRef = 46BDDB9B2F77D91E00335E29 /* XCUITestControl */; };
		A964267F2F42994C0038587D /* README.md in Resources */ = {isa = PBXBuildFile; fileRef = A964267E2F42994C0038587D /* README.md */; };
		B0000001300000000000001 /* CoreService in Frameworks */ = {isa = PBXBuildFile; productRef = B0000002300000000000001 /* CoreService */; };
		B0000001300000000000002 /* KeychainSDK in Frameworks */ = {isa = PBXBuildFile; productRef = B0000002300000000000002 /* KeychainSDK */; };
		B0000001300000000000003 /* LunchMoneySDK in Frameworks */ = {isa = PBXBuildFile; productRef = B0000002300000000000003 /* LunchMoneySDK */; };
		B0000001300000000000005 /* Uniflow in Frameworks */ = {isa = PBXBuildFile; productRef = B0000002300000000000005 /* Uniflow */; };
		B0000001300000000000006 /* PersistenceService in Frameworks */ = {isa = PBXBuildFile; productRef = B0000002300000000000006 /* PersistenceService */; };
		B0000001300000000000007 /* SyncService in Frameworks */ = {isa = PBXBuildFile; productRef = B0000002300000000000007 /* SyncService */; };
/* End PBXBuildFile section */

/* Begin PBXContainerItemProxy section */
		46BDDB962F77D5F200335E29 /* PBXContainerItemProxy */ = {
			isa = PBXContainerItemProxy;
			containerPortal = A995B8D42F18604A00855692 /* Project object */;
			proxyType = 1;
			remoteGlobalIDString = A995B8DB2F18604A00855692;
			remoteInfo = GetRicher;
		};
		A96426972F42ACAC0038587D /* PBXContainerItemProxy */ = {
			isa = PBXContainerItemProxy;
			containerPortal = A995B8D42F18604A00855692 /* Project object */;
			proxyType = 1;
			remoteGlobalIDString = A995B8DB2F18604A00855692;
			remoteInfo = GetRicher;
		};
/* End PBXContainerItemProxy section */

/* Begin PBXFileReference section */
		46BDDB8D2F77D5EA00335E29 /* GetRicherInteractiveTests.xctest */ = {isa = PBXFileReference; explicitFileType = wrapper.cfbundle; includeInIndex = 0; path = GetRicherInteractiveTests.xctest; sourceTree = BUILT_PRODUCTS_DIR; };
		A964267E2F42994C0038587D /* README.md */ = {isa = PBXFileReference; lastKnownFileType = net.daringfireball.markdown; path = README.md; sourceTree = "<group>"; };
		A96426912F42ACAC0038587D /* GetRicherUITests.xctest */ = {isa = PBXFileReference; explicitFileType = wrapper.cfbundle; includeInIndex = 0; path = GetRicherUITests.xctest; sourceTree = BUILT_PRODUCTS_DIR; };
		A995B8DC2F18604A00855692 /* GetRicher.app */ = {isa = PBXFileReference; explicitFileType = wrapper.application; includeInIndex = 0; path = GetRicher.app; sourceTree = BUILT_PRODUCTS_DIR; };
/* End PBXFileReference section */

/* Begin PBXFileSystemSynchronizedRootGroup section */
		46BDDB8E2F77D5EA00335E29 /* GetRicherInteractiveTests */ = {
			isa = PBXFileSystemSynchronizedRootGroup;
			path = GetRicherInteractiveTests;
			sourceTree = "<group>";
		};
		A96426922F42ACAC0038587D /* GetRicherUITests */ = {
			isa = PBXFileSystemSynchronizedRootGroup;
			path = GetRicherUITests;
			sourceTree = "<group>";
		};
		A995B8DE2F18604A00855692 /* Finance */ = {
			isa = PBXFileSystemSynchronizedRootGroup;
			path = Finance;
			sourceTree = "<group>";
		};
/* End PBXFileSystemSynchronizedRootGroup section */

/* Begin PBXFrameworksBuildPhase section */
		46BDDB8A2F77D5EA00335E29 /* Frameworks */ = {
			isa = PBXFrameworksBuildPhase;
			buildActionMask = 2147483647;
			files = (
				46BDDB9C2F77D91E00335E29 /* XCUITestControl in Frameworks */,
			);
			runOnlyForDeploymentPostprocessing = 0;
		};
		A964268E2F42ACAC0038587D /* Frameworks */ = {
			isa = PBXFrameworksBuildPhase;
			buildActionMask = 2147483647;
			files = (
			);
			runOnlyForDeploymentPostprocessing = 0;
		};
		A995B8D92F18604A00855692 /* Frameworks */ = {
			isa = PBXFrameworksBuildPhase;
			buildActionMask = 2147483647;
			files = (
				B0000001300000000000001 /* CoreService in Frameworks */,
				B0000001300000000000002 /* KeychainSDK in Frameworks */,
				B0000001300000000000003 /* LunchMoneySDK in Frameworks */,
				B0000001300000000000006 /* PersistenceService in Frameworks */,
				B0000001300000000000007 /* SyncService in Frameworks */,
				B0000001300000000000005 /* Uniflow in Frameworks */,
			);
			runOnlyForDeploymentPostprocessing = 0;
		};
/* End PBXFrameworksBuildPhase section */

/* Begin PBXGroup section */
		46BDDB9A2F77D91E00335E29 /* Frameworks */ = {
			isa = PBXGroup;
			children = (
			);
			name = Frameworks;
			sourceTree = "<group>";
		};
		A995B8D32F18604A00855692 = {
			isa = PBXGroup;
			children = (
				A964267E2F42994C0038587D /* README.md */,
				A995B8DE2F18604A00855692 /* Finance */,
				A96426922F42ACAC0038587D /* GetRicherUITests */,
				46BDDB8E2F77D5EA00335E29 /* GetRicherInteractiveTests */,
				46BDDB9A2F77D91E00335E29 /* Frameworks */,
				A995B8DD2F18604A00855692 /* Products */,
			);
			sourceTree = "<group>";
		};
		A995B8DD2F18604A00855692 /* Products */ = {
			isa = PBXGroup;
			children = (
				A995B8DC2F18604A00855692 /* GetRicher.app */,
				A96426912F42ACAC0038587D /* GetRicherUITests.xctest */,
				46BDDB8D2F77D5EA00335E29 /* GetRicherInteractiveTests.xctest */,
			);
			name = Products;
			sourceTree = "<group>";
		};
/* End PBXGroup section */

/* Begin PBXNativeTarget section */
		46BDDB8C2F77D5EA00335E29 /* GetRicherInteractiveTests */ = {
			isa = PBXNativeTarget;
			buildConfigurationList = 46BDDB952F77D5EA00335E29 /* Build configuration list for PBXNativeTarget "GetRicherInteractiveTests" */;
			buildPhases = (
				46BDDB892F77D5EA00335E29 /* Sources */,
				46BDDB8A2F77D5EA00335E29 /* Frameworks */,
				46BDDB8B2F77D5EA00335E29 /* Resources */,
			);
			buildRules = (
			);
			dependencies = (
				46BDDB972F77D5F200335E29 /* PBXTargetDependency */,
			);
			fileSystemSynchronizedGroups = (
				46BDDB8E2F77D5EA00335E29 /* GetRicherInteractiveTests */,
			);
			name = GetRicherInteractiveTests;
			packageProductDependencies = (
				46BDDB9B2F77D91E00335E29 /* XCUITestControl */,
			);
			productName = GetRicherInteractiveTests;
			productReference = 46BDDB8D2F77D5EA00335E29 /* GetRicherInteractiveTests.xctest */;
			productType = "com.apple.product-type.bundle.ui-testing";
		};
		A96426902F42ACAC0038587D /* GetRicherUITests */ = {
			isa = PBXNativeTarget;
			buildConfigurationList = A96426992F42ACAC0038587D /* Build configuration list for PBXNativeTarget "GetRicherUITests" */;
			buildPhases = (
				A964268D2F42ACAC0038587D /* Sources */,
				A964268E2F42ACAC0038587D /* Frameworks */,
				A964268F2F42ACAC0038587D /* Resources */,
			);
			buildRules = (
			);
			dependencies = (
				A96426982F42ACAC0038587D /* PBXTargetDependency */,
			);
			fileSystemSynchronizedGroups = (
				A96426922F42ACAC0038587D /* GetRicherUITests */,
			);
			name = GetRicherUITests;
			packageProductDependencies = (
			);
			productName = GetRicherUITests;
			productReference = A96426912F42ACAC0038587D /* GetRicherUITests.xctest */;
			productType = "com.apple.product-type.bundle.ui-testing";
		};
		A995B8DB2F18604A00855692 /* GetRicher */ = {
			isa = PBXNativeTarget;
			buildConfigurationList = A995B8E72F18604B00855692 /* Build configuration list for PBXNativeTarget "GetRicher" */;
			buildPhases = (
				A995B8D82F18604A00855692 /* Sources */,
				A995B8D92F18604A00855692 /* Frameworks */,
				A995B8DA2F18604A00855692 /* Resources */,
			);
			buildRules = (
			);
			dependencies = (
			);
			fileSystemSynchronizedGroups = (
				A995B8DE2F18604A00855692 /* Finance */,
			);
			name = GetRicher;
			packageProductDependencies = (
				B0000002300000000000001 /* CoreService */,
				B0000002300000000000002 /* KeychainSDK */,
				B0000002300000000000003 /* LunchMoneySDK */,
				B0000002300000000000006 /* PersistenceService */,
				B0000002300000000000007 /* SyncService */,
				B0000002300000000000005 /* Uniflow */,
			);
			productName = Finance;
			productReference = A995B8DC2F18604A00855692 /* GetRicher.app */;
			productType = "com.apple.product-type.application";
		};
/* End PBXNativeTarget section */

/* Begin PBXProject section */
		A995B8D42F18604A00855692 /* Project object */ = {
			isa = PBXProject;
			attributes = {
				BuildIndependentTargetsInParallel = 1;
				LastSwiftUpdateCheck = 2630;
				LastUpgradeCheck = 2610;
				TargetAttributes = {
					46BDDB8C2F77D5EA00335E29 = {
						CreatedOnToolsVersion = 26.3;
						TestTargetID = A995B8DB2F18604A00855692;
					};
					A96426902F42ACAC0038587D = {
						CreatedOnToolsVersion = 26.1.1;
						TestTargetID = A995B8DB2F18604A00855692;
					};
					A995B8DB2F18604A00855692 = {
						CreatedOnToolsVersion = 26.1.1;
					};
				};
			};
			buildConfigurationList = A995B8D72F18604A00855692 /* Build configuration list for PBXProject "GetRicher" */;
			developmentRegion = en;
			hasScannedForEncodings = 0;
			knownRegions = (
				en,
				Base,
			);
			mainGroup = A995B8D32F18604A00855692;
			minimizedProjectReferenceProxies = 1;
			packageReferences = (
				B0000003300000000000001 /* XCLocalSwiftPackageReference "FinancePackage" */,
				46BDDB522F77D0AE00335E29 /* XCRemoteSwiftPackageReference "xcode-sim-automation" */,
			);
			preferredProjectObjectVersion = 77;
			productRefGroup = A995B8DD2F18604A00855692 /* Products */;
			projectDirPath = "";
			projectRoot = "";
			targets = (
				A995B8DB2F18604A00855692 /* GetRicher */,
				A96426902F42ACAC0038587D /* GetRicherUITests */,
				46BDDB8C2F77D5EA00335E29 /* GetRicherInteractiveTests */,
			);
		};
/* End PBXProject section */

/* Begin PBXResourcesBuildPhase section */
		46BDDB8B2F77D5EA00335E29 /* Resources */ = {
			isa = PBXResourcesBuildPhase;
			buildActionMask = 2147483647;
			files = (
			);
			runOnlyForDeploymentPostprocessing = 0;
		};
		A964268F2F42ACAC0038587D /* Resources */ = {
			isa = PBXResourcesBuildPhase;
			buildActionMask = 2147483647;
			files = (
			);
			runOnlyForDeploymentPostprocessing = 0;
		};
		A995B8DA2F18604A00855692 /* Resources */ = {
			isa = PBXResourcesBuildPhase;
			buildActionMask = 2147483647;
			files = (
				A964267F2F42994C0038587D /* README.md in Resources */,
			);
			runOnlyForDeploymentPostprocessing = 0;
		};
/* End PBXResourcesBuildPhase section */

/* Begin PBXSourcesBuildPhase section */
		46BDDB892F77D5EA00335E29 /* Sources */ = {
			isa = PBXSourcesBuildPhase;
			buildActionMask = 2147483647;
			files = (
			);
			runOnlyForDeploymentPostprocessing = 0;
		};
		A964268D2F42ACAC0038587D /* Sources */ = {
			isa = PBXSourcesBuildPhase;
			buildActionMask = 2147483647;
			files = (
			);
			runOnlyForDeploymentPostprocessing = 0;
		};
		A995B8D82F18604A00855692 /* Sources */ = {
			isa = PBXSourcesBuildPhase;
			buildActionMask = 2147483647;
			files = (
			);
			runOnlyForDeploymentPostprocessing = 0;
		};
/* End PBXSourcesBuildPhase section */

/* Begin PBXTargetDependency section */
		46BDDB972F77D5F200335E29 /* PBXTargetDependency */ = {
			isa = PBXTargetDependency;
			target = A995B8DB2F18604A00855692 /* GetRicher */;
			targetProxy = 46BDDB962F77D5F200335E29 /* PBXContainerItemProxy */;
		};
		A96426982F42ACAC0038587D /* PBXTargetDependency */ = {
			isa = PBXTargetDependency;
			target = A995B8DB2F18604A00855692 /* GetRicher */;
			targetProxy = A96426972F42ACAC0038587D /* PBXContainerItemProxy */;
		};
/* End PBXTargetDependency section */

/* Begin XCBuildConfiguration section */
		46BDDB932F77D5EA00335E29 /* Debug */ = {
			isa = XCBuildConfiguration;
			buildSettings = {
				CODE_SIGN_STYLE = Automatic;
				CURRENT_PROJECT_VERSION = 1;
				DEVELOPMENT_TEAM = U954KV7Q7Z;
				GENERATE_INFOPLIST_FILE = YES;
				MACOSX_DEPLOYMENT_TARGET = 15.7;
				MARKETING_VERSION = 1.0;
				PRODUCT_BUNDLE_IDENTIFIER = org.gestrich.GetRicherInteractiveTests;
				PRODUCT_NAME = "$(TARGET_NAME)";
				SDKROOT = macosx;
				STRING_CATALOG_GENERATE_SYMBOLS = NO;
				SUPPORTED_PLATFORMS = "iphoneos iphonesimulator";
				SUPPORTS_MACCATALYST = NO;
				SWIFT_APPROACHABLE_CONCURRENCY = YES;
				SWIFT_EMIT_LOC_STRINGS = NO;
				SWIFT_UPCOMING_FEATURE_MEMBER_IMPORT_VISIBILITY = YES;
				SWIFT_VERSION = 5.0;
				TARGETED_DEVICE_FAMILY = 1;
				TEST_TARGET_NAME = GetRicher;
			};
			name = Debug;
		};
		46BDDB942F77D5EA00335E29 /* Release */ = {
			isa = XCBuildConfiguration;
			buildSettings = {
				CODE_SIGN_STYLE = Automatic;
				CURRENT_PROJECT_VERSION = 1;
				DEVELOPMENT_TEAM = U954KV7Q7Z;
				GENERATE_INFOPLIST_FILE = YES;
				MACOSX_DEPLOYMENT_TARGET = 15.7;
				MARKETING_VERSION = 1.0;
				PRODUCT_BUNDLE_IDENTIFIER = org.gestrich.GetRicherInteractiveTests;
				PRODUCT_NAME = "$(TARGET_NAME)";
				SDKROOT = macosx;
				STRING_CATALOG_GENERATE_SYMBOLS = NO;
				SUPPORTED_PLATFORMS = "iphoneos iphonesimulator";
				SUPPORTS_MACCATALYST = NO;
				SWIFT_APPROACHABLE_CONCURRENCY = YES;
				SWIFT_EMIT_LOC_STRINGS = NO;
				SWIFT_UPCOMING_FEATURE_MEMBER_IMPORT_VISIBILITY = YES;
				SWIFT_VERSION = 5.0;
				TARGETED_DEVICE_FAMILY = 1;
				TEST_TARGET_NAME = GetRicher;
			};
			name = Release;
		};
		A964269A2F42ACAC0038587D /* Debug */ = {
			isa = XCBuildConfiguration;
			buildSettings = {
				CODE_SIGN_STYLE = Automatic;
				CURRENT_PROJECT_VERSION = 1;
				DEVELOPMENT_TEAM = 5K844XFC6W;
				GENERATE_INFOPLIST_FILE = YES;
				MARKETING_VERSION = 1.0;
				PRODUCT_BUNDLE_IDENTIFIER = org.gestrich.GetRicherUITests;
				PRODUCT_NAME = "$(TARGET_NAME)";
				STRING_CATALOG_GENERATE_SYMBOLS = NO;
				SWIFT_APPROACHABLE_CONCURRENCY = YES;
				SWIFT_EMIT_LOC_STRINGS = NO;
				SWIFT_UPCOMING_FEATURE_MEMBER_IMPORT_VISIBILITY = YES;
				SWIFT_VERSION = 5.0;
				TARGETED_DEVICE_FAMILY = "1,2";
				TEST_TARGET_NAME = GetRicher;
			};
			name = Debug;
		};
		A964269B2F42ACAC0038587D /* Release */ = {
			isa = XCBuildConfiguration;
			buildSettings = {
				CODE_SIGN_STYLE = Automatic;
				CURRENT_PROJECT_VERSION = 1;
				DEVELOPMENT_TEAM = 5K844XFC6W;
				GENERATE_INFOPLIST_FILE = YES;
				MARKETING_VERSION = 1.0;
				PRODUCT_BUNDLE_IDENTIFIER = org.gestrich.GetRicherUITests;
				PRODUCT_NAME = "$(TARGET_NAME)";
				STRING_CATALOG_GENERATE_SYMBOLS = NO;
				SWIFT_APPROACHABLE_CONCURRENCY = YES;
				SWIFT_EMIT_LOC_STRINGS = NO;
				SWIFT_UPCOMING_FEATURE_MEMBER_IMPORT_VISIBILITY = YES;
				SWIFT_VERSION = 5.0;
				TARGETED_DEVICE_FAMILY = "1,2";
				TEST_TARGET_NAME = GetRicher;
			};
			name = Release;
		};
		A995B8E52F18604B00855692 /* Debug */ = {
			isa = XCBuildConfiguration;
			buildSettings = {
				ALWAYS_SEARCH_USER_PATHS = NO;
				ASSETCATALOG_COMPILER_GENERATE_SWIFT_ASSET_SYMBOL_EXTENSIONS = YES;
				CLANG_ANALYZER_NONNULL = YES;
				CLANG_ANALYZER_NUMBER_OBJECT_CONVERSION = YES_AGGRESSIVE;
				CLANG_CXX_LANGUAGE_STANDARD = "gnu++20";
				CLANG_ENABLE_MODULES = YES;
				CLANG_ENABLE_OBJC_ARC = YES;
				CLANG_ENABLE_OBJC_WEAK = YES;
				CLANG_WARN_BLOCK_CAPTURE_AUTORELEASING = YES;
				CLANG_WARN_BOOL_CONVERSION = YES;
				CLANG_WARN_COMMA = YES;
				CLANG_WARN_CONSTANT_CONVERSION = YES;
				CLANG_WARN_DEPRECATED_OBJC_IMPLEMENTATIONS = YES;
				CLANG_WARN_DIRECT_OBJC_ISA_USAGE = YES_ERROR;
				CLANG_WARN_DOCUMENTATION_COMMENTS = YES;
				CLANG_WARN_EMPTY_BODY = YES;
				CLANG_WARN_ENUM_CONVERSION = YES;
				CLANG_WARN_INFINITE_RECURSION = YES;
				CLANG_WARN_INT_CONVERSION = YES;
				CLANG_WARN_NON_LITERAL_NULL_CONVERSION = YES;
				CLANG_WARN_OBJC_IMPLICIT_RETAIN_SELF = YES;
				CLANG_WARN_OBJC_LITERAL_CONVERSION = YES;
				CLANG_WARN_OBJC_ROOT_CLASS = YES_ERROR;
				CLANG_WARN_QUOTED_INCLUDE_IN_FRAMEWORK_HEADER = YES;
				CLANG_WARN_RANGE_LOOP_ANALYSIS = YES;
				CLANG_WARN_STRICT_PROTOTYPES = YES;
				CLANG_WARN_SUSPICIOUS_MOVE = YES;
				CLANG_WARN_UNGUARDED_AVAILABILITY = YES_AGGRESSIVE;
				CLANG_WARN_UNREACHABLE_CODE = YES;
				CLANG_WARN__DUPLICATE_METHOD_MATCH = YES;
				COPY_PHASE_STRIP = NO;
				DEBUG_INFORMATION_FORMAT = dwarf;
				DEVELOPMENT_TEAM = 5K844XFC6W;
				ENABLE_STRICT_OBJC_MSGSEND = YES;
				ENABLE_TESTABILITY = YES;
				ENABLE_USER_SCRIPT_SANDBOXING = YES;
				GCC_C_LANGUAGE_STANDARD = gnu17;
				GCC_DYNAMIC_NO_PIC = NO;
				GCC_NO_COMMON_BLOCKS = YES;
				GCC_OPTIMIZATION_LEVEL = 0;
				GCC_PREPROCESSOR_DEFINITIONS = (
					"DEBUG=1",
					"$(inherited)",
				);
				GCC_WARN_64_TO_32_BIT_CONVERSION = YES;
				GCC_WARN_ABOUT_RETURN_TYPE = YES_ERROR;
				GCC_WARN_UNDECLARED_SELECTOR = YES;
				GCC_WARN_UNINITIALIZED_AUTOS = YES_AGGRESSIVE;
				GCC_WARN_UNUSED_FUNCTION = YES;
				GCC_WARN_UNUSED_VARIABLE = YES;
				IPHONEOS_DEPLOYMENT_TARGET = 26.1;
				LOCALIZATION_PREFERS_STRING_CATALOGS = YES;
				MTL_ENABLE_DEBUG_INFO = INCLUDE_SOURCE;
				MTL_FAST_MATH = YES;
				ONLY_ACTIVE_ARCH = YES;
				SDKROOT = iphoneos;
				SWIFT_ACTIVE_COMPILATION_CONDITIONS = "DEBUG $(inherited)";
				SWIFT_OPTIMIZATION_LEVEL = "-Onone";
			};
			name = Debug;
		};
		A995B8E62F18604B00855692 /* Release */ = {
			isa = XCBuildConfiguration;
			buildSettings = {
				ALWAYS_SEARCH_USER_PATHS = NO;
				ASSETCATALOG_COMPILER_GENERATE_SWIFT_ASSET_SYMBOL_EXTENSIONS = YES;
				CLANG_ANALYZER_NONNULL = YES;
				CLANG_ANALYZER_NUMBER_OBJECT_CONVERSION = YES_AGGRESSIVE;
				CLANG_CXX_LANGUAGE_STANDARD = "gnu++20";
				CLANG_ENABLE_MODULES = YES;
				CLANG_ENABLE_OBJC_ARC = YES;
				CLANG_ENABLE_OBJC_WEAK = YES;
				CLANG_WARN_BLOCK_CAPTURE_AUTORELEASING = YES;
				CLANG_WARN_BOOL_CONVERSION = YES;
				CLANG_WARN_COMMA = YES;
				CLANG_WARN_CONSTANT_CONVERSION = YES;
				CLANG_WARN_DEPRECATED_OBJC_IMPLEMENTATIONS = YES;
				CLANG_WARN_DIRECT_OBJC_ISA_USAGE = YES_ERROR;
				CLANG_WARN_DOCUMENTATION_COMMENTS = YES;
				CLANG_WARN_EMPTY_BODY = YES;
				CLANG_WARN_ENUM_CONVERSION = YES;
				CLANG_WARN_INFINITE_RECURSION = YES;
				CLANG_WARN_INT_CONVERSION = YES;
				CLANG_WARN_NON_LITERAL_NULL_CONVERSION = YES;
				CLANG_WARN_OBJC_IMPLICIT_RETAIN_SELF = YES;
				CLANG_WARN_OBJC_LITERAL_CONVERSION = YES;
				CLANG_WARN_OBJC_ROOT_CLASS = YES_ERROR;
				CLANG_WARN_QUOTED_INCLUDE_IN_FRAMEWORK_HEADER = YES;
				CLANG_WARN_RANGE_LOOP_ANALYSIS = YES;
				CLANG_WARN_STRICT_PROTOTYPES = YES;
				CLANG_WARN_SUSPICIOUS_MOVE = YES;
				CLANG_WARN_UNGUARDED_AVAILABILITY = YES_AGGRESSIVE;
				CLANG_WARN_UNREACHABLE_CODE = YES;
				CLANG_WARN__DUPLICATE_METHOD_MATCH = YES;
				COPY_PHASE_STRIP = NO;
				DEBUG_INFORMATION_FORMAT = "dwarf-with-dsym";
				DEVELOPMENT_TEAM = 5K844XFC6W;
				ENABLE_NS_ASSERTIONS = NO;
				ENABLE_STRICT_OBJC_MSGSEND = YES;
				ENABLE_USER_SCRIPT_SANDBOXING = YES;
				GCC_C_LANGUAGE_STANDARD = gnu17;
				GCC_NO_COMMON_BLOCKS = YES;
				GCC_WARN_64_TO_32_BIT_CONVERSION = YES;
				GCC_WARN_ABOUT_RETURN_TYPE = YES_ERROR;
				GCC_WARN_UNDECLARED_SELECTOR = YES;
				GCC_WARN_UNINITIALIZED_AUTOS = YES_AGGRESSIVE;
				GCC_WARN_UNUSED_FUNCTION = YES;
				GCC_WARN_UNUSED_VARIABLE = YES;
				IPHONEOS_DEPLOYMENT_TARGET = 26.1;
				LOCALIZATION_PREFERS_STRING_CATALOGS = YES;
				MTL_ENABLE_DEBUG_INFO = NO;
				MTL_FAST_MATH = YES;
				SDKROOT = iphoneos;
				SWIFT_COMPILATION_MODE = wholemodule;
				VALIDATE_PRODUCT = YES;
			};
			name = Release;
		};
		A995B8E82F18604B00855692 /* Debug */ = {
			isa = XCBuildConfiguration;
			buildSettings = {
				ASSETCATALOG_COMPILER_APPICON_NAME = AppIcon;
				ASSETCATALOG_COMPILER_GLOBAL_ACCENT_COLOR_NAME = AccentColor;
				CODE_SIGN_STYLE = Automatic;
				CURRENT_PROJECT_VERSION = 1;
				DEVELOPMENT_TEAM = 5K844XFC6W;
				ENABLE_PREVIEWS = YES;
				GENERATE_INFOPLIST_FILE = YES;
				INFOPLIST_KEY_ITSAppUsesNonExemptEncryption = NO;
				INFOPLIST_KEY_UIApplicationSceneManifest_Generation = YES;
				INFOPLIST_KEY_UIApplicationSupportsIndirectInputEvents = YES;
				INFOPLIST_KEY_UILaunchScreen_Generation = YES;
				INFOPLIST_KEY_UISupportedInterfaceOrientations_iPad = "UIInterfaceOrientationPortrait UIInterfaceOrientationPortraitUpsideDown UIInterfaceOrientationLandscapeLeft UIInterfaceOrientationLandscapeRight";
				INFOPLIST_KEY_UISupportedInterfaceOrientations_iPhone = "UIInterfaceOrientationPortrait UIInterfaceOrientationLandscapeLeft UIInterfaceOrientationLandscapeRight";
				LD_RUNPATH_SEARCH_PATHS = (
					"$(inherited)",
					"@executable_path/Frameworks",
				);
				MARKETING_VERSION = 1.0;
				PRODUCT_BUNDLE_IDENTIFIER = org.gestrich.GetRicher;
				PRODUCT_NAME = "$(TARGET_NAME)";
				STRING_CATALOG_GENERATE_SYMBOLS = YES;
				SWIFT_APPROACHABLE_CONCURRENCY = YES;
				SWIFT_DEFAULT_ACTOR_ISOLATION = MainActor;
				SWIFT_EMIT_LOC_STRINGS = YES;
				SWIFT_UPCOMING_FEATURE_MEMBER_IMPORT_VISIBILITY = YES;
				SWIFT_VERSION = 5.0;
				TARGETED_DEVICE_FAMILY = "1,2";
			};
			name = Debug;
		};
		A995B8E92F18604B00855692 /* Release */ = {
			isa = XCBuildConfiguration;
			buildSettings = {
				ASSETCATALOG_COMPILER_APPICON_NAME = AppIcon;
				ASSETCATALOG_COMPILER_GLOBAL_ACCENT_COLOR_NAME = AccentColor;
				CODE_SIGN_STYLE = Automatic;
				CURRENT_PROJECT_VERSION = 1;
				DEVELOPMENT_TEAM = 5K844XFC6W;
				ENABLE_PREVIEWS = YES;
				GENERATE_INFOPLIST_FILE = YES;
				INFOPLIST_KEY_ITSAppUsesNonExemptEncryption = NO;
				INFOPLIST_KEY_UIApplicationSceneManifest_Generation = YES;
				INFOPLIST_KEY_UIApplicationSupportsIndirectInputEvents = YES;
				INFOPLIST_KEY_UILaunchScreen_Generation = YES;
				INFOPLIST_KEY_UISupportedInterfaceOrientations_iPad = "UIInterfaceOrientationPortrait UIInterfaceOrientationPortraitUpsideDown UIInterfaceOrientationLandscapeLeft UIInterfaceOrientationLandscapeRight";
				INFOPLIST_KEY_UISupportedInterfaceOrientations_iPhone = "UIInterfaceOrientationPortrait UIInterfaceOrientationLandscapeLeft UIInterfaceOrientationLandscapeRight";
				LD_RUNPATH_SEARCH_PATHS = (
					"$(inherited)",
					"@executable_path/Frameworks",
				);
				MARKETING_VERSION = 1.0;
				PRODUCT_BUNDLE_IDENTIFIER = org.gestrich.GetRicher;
				PRODUCT_NAME = "$(TARGET_NAME)";
				STRING_CATALOG_GENERATE_SYMBOLS = YES;
				SWIFT_APPROACHABLE_CONCURRENCY = YES;
				SWIFT_DEFAULT_ACTOR_ISOLATION = MainActor;
				SWIFT_EMIT_LOC_STRINGS = YES;
				SWIFT_UPCOMING_FEATURE_MEMBER_IMPORT_VISIBILITY = YES;
				SWIFT_VERSION = 5.0;
				TARGETED_DEVICE_FAMILY = "1,2";
			};
			name = Release;
		};
/* End XCBuildConfiguration section */

/* Begin XCConfigurationList section */
		46BDDB952F77D5EA00335E29 /* Build configuration list for PBXNativeTarget "GetRicherInteractiveTests" */ = {
			isa = XCConfigurationList;
			buildConfigurations = (
				46BDDB932F77D5EA00335E29 /* Debug */,
				46BDDB942F77D5EA00335E29 /* Release */,
			);
			defaultConfigurationIsVisible = 0;
			defaultConfigurationName = Release;
		};
		A96426992F42ACAC0038587D /* Build configuration list for PBXNativeTarget "GetRicherUITests" */ = {
			isa = XCConfigurationList;
			buildConfigurations = (
				A964269A2F42ACAC0038587D /* Debug */,
				A964269B2F42ACAC0038587D /* Release */,
			);
			defaultConfigurationIsVisible = 0;
			defaultConfigurationName = Release;
		};
		A995B8D72F18604A00855692 /* Build configuration list for PBXProject "GetRicher" */ = {
			isa = XCConfigurationList;
			buildConfigurations = (
				A995B8E52F18604B00855692 /* Debug */,
				A995B8E62F18604B00855692 /* Release */,
			);
			defaultConfigurationIsVisible = 0;
			defaultConfigurationName = Release;
		};
		A995B8E72F18604B00855692 /* Build configuration list for PBXNativeTarget "GetRicher" */ = {
			isa = XCConfigurationList;
			buildConfigurations = (
				A995B8E82F18604B00855692 /* Debug */,
				A995B8E92F18604B00855692 /* Release */,
			);
			defaultConfigurationIsVisible = 0;
			defaultConfigurationName = Release;
		};
/* End XCConfigurationList section */

/* Begin XCLocalSwiftPackageReference section */
		B0000003300000000000001 /* XCLocalSwiftPackageReference "FinancePackage" */ = {
			isa = XCLocalSwiftPackageReference;
			relativePath = FinancePackage;
		};
/* End XCLocalSwiftPackageReference section */

/* Begin XCRemoteSwiftPackageReference section */
		46BDDB522F77D0AE00335E29 /* XCRemoteSwiftPackageReference "xcode-sim-automation" */ = {
			isa = XCRemoteSwiftPackageReference;
			repositoryURL = "https://github.com/gestrich/xcode-sim-automation.git";
			requirement = {
				branch = main;
				kind = branch;
			};
		};
/* End XCRemoteSwiftPackageReference section */

/* Begin XCSwiftPackageProductDependency section */
		46BDDB9B2F77D91E00335E29 /* XCUITestControl */ = {
			isa = XCSwiftPackageProductDependency;
			package = 46BDDB522F77D0AE00335E29 /* XCRemoteSwiftPackageReference "xcode-sim-automation" */;
			productName = XCUITestControl;
		};
		B0000002300000000000001 /* CoreService */ = {
			isa = XCSwiftPackageProductDependency;
			productName = CoreService;
		};
		B0000002300000000000002 /* KeychainSDK */ = {
			isa = XCSwiftPackageProductDependency;
			productName = KeychainSDK;
		};
		B0000002300000000000003 /* LunchMoneySDK */ = {
			isa = XCSwiftPackageProductDependency;
			productName = LunchMoneySDK;
		};
		B0000002300000000000005 /* Uniflow */ = {
			isa = XCSwiftPackageProductDependency;
			productName = Uniflow;
		};
		B0000002300000000000006 /* PersistenceService */ = {
			isa = XCSwiftPackageProductDependency;
			productName = PersistenceService;
		};
		B0000002300000000000007 /* SyncService */ = {
			isa = XCSwiftPackageProductDependency;
			productName = SyncService;
		};
/* End XCSwiftPackageProductDependency section */
	};
	rootObject = A995B8D42F18604A00855692 /* Project object */;
}
